
Microsoft Visual Studio Solution File, Format Version 12.00
# Visual Studio Version 17
VisualStudioVersion = 17.0.32112.339
MinimumVisualStudioVersion = 10.0.40219.1
Project("{9A19103F-16F7-4668-BE54-9A1E7A4F7556}") = "Kinematics", "Kinematics\Kinematics.csproj", "{09415A70-979C-40A1-B695-419890AB7B2D}"
EndProject
Project("{9A19103F-16F7-4668-BE54-9A1E7A4F7556}") = "Projectile Motion Libraries 2.1", "..\ONLYFORTEST\ONLYFORTEST\Projectile Motion Libraries 2.1.csproj", "{E1820B90-CED3-4EC8-B27C-354227F5D63E}"
EndProject
Project("{9A19103F-16F7-4668-BE54-9A1E7A4F7556}") = "Utility", "..\Utility\Utility\Utility.csproj", "{678BBDB9-2F3E-4563-9D1B-472EC9D092DB}"
EndProject
Project("{FAE04EC0-301F-11D3-BF4B-00C04F79EFBC}") = "UtilityTest", "UtilityTest\UtilityTest.csproj", "{0A9113D9-6CDD-4EA8-970A-95B62AB7489C}"
EndProject
Global
	GlobalSection(SolutionConfigurationPlatforms) = preSolution
		Debug|Any CPU = Debug|Any CPU
		Release|Any CPU = Release|Any CPU
	EndGlobalSection
	GlobalSection(ProjectConfigurationPlatforms) = postSolution
		{09415A70-979C-40A1-B695-419890AB7B2D}.Debug|Any CPU.ActiveCfg = Debug|Any CPU
		{09415A70-979C-40A1-B695-419890AB7B2D}.Debug|Any CPU.Build.0 = Debug|Any CPU
		{09415A70-979C-40A1-B695-419890AB7B2D}.Release|Any CPU.ActiveCfg = Release|Any CPU
		{09415A70-979C-40A1-B695-419890AB7B2D}.Release|Any CPU.Build.0 = Release|Any CPU
		{E1820B90-CED3-4EC8-B27C-354227F5D63E}.Debug|Any CPU.ActiveCfg = Debug|Any CPU
		{E1820B90-CED3-4EC8-B27C-354227F5D63E}.Debug|Any CPU.Build.0 = Debug|Any CPU
		{E1820B90-CED3-4EC8-B27C-354227F5D63E}.Release|Any CPU.ActiveCfg = Release|Any CPU
		{E1820B90-CED3-4EC8-B27C-354227F5D63E}.Release|Any CPU.Build.0 = Release|Any CPU
		{678BBDB9-2F3E-4563-9D1B-472EC9D092DB}.Debug|Any CPU.ActiveCfg = Debug|Any CPU
		{678BBDB9-2F3E-4563-9D1B-472EC9D092DB}.Debug|Any CPU.Build.0 = Debug|Any CPU
		{678BBDB9-2F3E-4563-9D1B-472EC9D092DB}.Release|Any CPU.ActiveCfg = Release|Any CPU
		{678BBDB9-2F3E-4563-9D1B-472EC9D092DB}.Release|Any CPU.Build.0 = Release|Any CPU
		{0A9113D9-6CDD-4EA8-970A-95B62AB7489C}.Debug|Any CPU.ActiveCfg = Debug|Any CPU
		{0A9113D9-6CDD-4EA8-970A-95B62AB7489C}.Debug|Any CPU.Build.0 = Debug|Any CPU
		{0A9113D9-6CDD-4EA8-970A-95B62AB7489C}.Release|Any CPU.ActiveCfg = Release|Any CPU
		{0A9113D9-6CDD-4EA8-970A-95B62AB7489C}.Release|Any CPU.Build.0 = Release|Any CPU
	EndGlobalSection
	GlobalSection(SolutionProperties) = preSolution
		HideSolutionNode = FALSE
	EndGlobalSection
	GlobalSection(ExtensibilityGlobals) = postSolution
		SolutionGuid = {A44935D2-494D-499B-94C9-3C289C8D8315}
	EndGlobalSection
EndGlobal
